
Microsoft Visual Studio Solution File, Format Version 12.00
# Visual Studio 15
VisualStudioVersion = 15.0.26124.0
MinimumVisualStudioVersion = 15.0.26124.0
Project("{FAE04EC0-301F-11D3-BF4B-00C04F79EFBC}") = "R5T.Hastings.Base.Construction", "R5T.Hastings.Base.Construction\R5T.Hastings.Base.Construction.csproj", "{FB7DF1FE-B19F-4641-93E0-9B8876A90A69}"
EndProject
Project("{FAE04EC0-301F-11D3-BF4B-00C04F79EFBC}") = "R5T.Hastings.Base", "R5T.Hastings.Base\R5T.Hastings.Base.csproj", "{8FC9926C-740A-42A9-A86C-5FD096FB222B}"
EndProject
Global
	GlobalSection(SolutionConfigurationPlatforms) = preSolution
		Debug|Any CPU = Debug|Any CPU
		Debug|x64 = Debug|x64
		Debug|x86 = Debug|x86
		Release|Any CPU = Release|Any CPU
		Release|x64 = Release|x64
		Release|x86 = Release|x86
	EndGlobalSection
	GlobalSection(SolutionProperties) = preSolution
		HideSolutionNode = FALSE
	EndGlobalSection
	GlobalSection(ProjectConfigurationPlatforms) = postSolution
		{FB7DF1FE-B19F-4641-93E0-9B8876A90A69}.Debug|Any CPU.ActiveCfg = Debug|Any CPU
		{FB7DF1FE-B19F-4641-93E0-9B8876A90A69}.Debug|Any CPU.Build.0 = Debug|Any CPU
		{FB7DF1FE-B19F-4641-93E0-9B8876A90A69}.Debug|x64.ActiveCfg = Debug|Any CPU
		{FB7DF1FE-B19F-4641-93E0-9B8876A90A69}.Debug|x64.Build.0 = Debug|Any CPU
		{FB7DF1FE-B19F-4641-93E0-9B8876A90A69}.Debug|x86.ActiveCfg = Debug|Any CPU
		{FB7DF1FE-B19F-4641-93E0-9B8876A90A69}.Debug|x86.Build.0 = Debug|Any CPU
		{FB7DF1FE-B19F-4641-93E0-9B8876A90A69}.Release|Any CPU.ActiveCfg = Release|Any CPU
		{FB7DF1FE-B19F-4641-93E0-9B8876A90A69}.Release|Any CPU.Build.0 = Release|Any CPU
		{FB7DF1FE-B19F-4641-93E0-9B8876A90A69}.Release|x64.ActiveCfg = Release|Any CPU
		{FB7DF1FE-B19F-4641-93E0-9B8876A90A69}.Release|x64.Build.0 = Release|Any CPU
		{FB7DF1FE-B19F-4641-93E0-9B8876A90A69}.Release|x86.ActiveCfg = Release|Any CPU
		{FB7DF1FE-B19F-4641-93E0-9B8876A90A69}.Release|x86.Build.0 = Release|Any CPU
		{8FC9926C-740A-42A9-A86C-5FD096FB222B}.Debug|Any CPU.ActiveCfg = Debug|Any CPU
		{8FC9926C-740A-42A9-A86C-5FD096FB222B}.Debug|Any CPU.Build.0 = Debug|Any CPU
		{8FC9926C-740A-42A9-A86C-5FD096FB222B}.Debug|x64.ActiveCfg = Debug|Any CPU
		{8FC9926C-740A-42A9-A86C-5FD096FB222B}.Debug|x64.Build.0 = Debug|Any CPU
		{8FC9926C-740A-42A9-A86C-5FD096FB222B}.Debug|x86.ActiveCfg = Debug|Any CPU
		{8FC9926C-740A-42A9-A86C-5FD096FB222B}.Debug|x86.Build.0 = Debug|Any CPU
		{8FC9926C-740A-42A9-A86C-5FD096FB222B}.Release|Any CPU.ActiveCfg = Release|Any CPU
		{8FC9926C-740A-42A9-A86C-5FD096FB222B}.Release|Any CPU.Build.0 = Release|Any CPU
		{8FC9926C-740A-42A9-A86C-5FD096FB222B}.Release|x64.ActiveCfg = Release|Any CPU
		{8FC9926C-740A-42A9-A86C-5FD096FB222B}.Release|x64.Build.0 = Release|Any CPU
		{8FC9926C-740A-42A9-A86C-5FD096FB222B}.Release|x86.ActiveCfg = Release|Any CPU
		{8FC9926C-740A-42A9-A86C-5FD096FB222B}.Release|x86.Build.0 = Release|Any CPU
	EndGlobalSection
EndGlobal
