
Microsoft Visual Studio Solution File, Format Version 12.00
# Visual Studio Version 16
VisualStudioVersion = 16.0.30114.105
MinimumVisualStudioVersion = 10.0.40219.1
Project("{FAE04EC0-301F-11D3-BF4B-00C04F79EFBC}") = "R5T.Hastings.Base", "R5T.Hastings.Base\R5T.Hastings.Base.csproj", "{E9001FBC-36D3-4D54-8C6D-AC404A9EDE8D}"
EndProject
Project("{FAE04EC0-301F-11D3-BF4B-00C04F79EFBC}") = "R5T.Hastings.Base.Construction", "R5T.Hastings.Base.Construction\R5T.Hastings.Base.Construction.csproj", "{F5F21B74-CCD6-47FA-B769-148D4053891F}"
EndProject
Global
	GlobalSection(SolutionConfigurationPlatforms) = preSolution
		Debug|Any CPU = Debug|Any CPU
		Debug|x64 = Debug|x64
		Debug|x86 = Debug|x86
		Release|Any CPU = Release|Any CPU
		Release|x64 = Release|x64
		Release|x86 = Release|x86
	EndGlobalSection
	GlobalSection(SolutionProperties) = preSolution
		HideSolutionNode = FALSE
	EndGlobalSection
	GlobalSection(ProjectConfigurationPlatforms) = postSolution
		{E9001FBC-36D3-4D54-8C6D-AC404A9EDE8D}.Debug|Any CPU.ActiveCfg = Debug|Any CPU
		{E9001FBC-36D3-4D54-8C6D-AC404A9EDE8D}.Debug|Any CPU.Build.0 = Debug|Any CPU
		{E9001FBC-36D3-4D54-8C6D-AC404A9EDE8D}.Debug|x64.ActiveCfg = Debug|Any CPU
		{E9001FBC-36D3-4D54-8C6D-AC404A9EDE8D}.Debug|x64.Build.0 = Debug|Any CPU
		{E9001FBC-36D3-4D54-8C6D-AC404A9EDE8D}.Debug|x86.ActiveCfg = Debug|Any CPU
		{E9001FBC-36D3-4D54-8C6D-AC404A9EDE8D}.Debug|x86.Build.0 = Debug|Any CPU
		{E9001FBC-36D3-4D54-8C6D-AC404A9EDE8D}.Release|Any CPU.ActiveCfg = Release|Any CPU
		{E9001FBC-36D3-4D54-8C6D-AC404A9EDE8D}.Release|Any CPU.Build.0 = Release|Any CPU
		{E9001FBC-36D3-4D54-8C6D-AC404A9EDE8D}.Release|x64.ActiveCfg = Release|Any CPU
		{E9001FBC-36D3-4D54-8C6D-AC404A9EDE8D}.Release|x64.Build.0 = Release|Any CPU
		{E9001FBC-36D3-4D54-8C6D-AC404A9EDE8D}.Release|x86.ActiveCfg = Release|Any CPU
		{E9001FBC-36D3-4D54-8C6D-AC404A9EDE8D}.Release|x86.Build.0 = Release|Any CPU
		{F5F21B74-CCD6-47FA-B769-148D4053891F}.Debug|Any CPU.ActiveCfg = Debug|Any CPU
		{F5F21B74-CCD6-47FA-B769-148D4053891F}.Debug|Any CPU.Build.0 = Debug|Any CPU
		{F5F21B74-CCD6-47FA-B769-148D4053891F}.Debug|x64.ActiveCfg = Debug|Any CPU
		{F5F21B74-CCD6-47FA-B769-148D4053891F}.Debug|x64.Build.0 = Debug|Any CPU
		{F5F21B74-CCD6-47FA-B769-148D4053891F}.Debug|x86.ActiveCfg = Debug|Any CPU
		{F5F21B74-CCD6-47FA-B769-148D4053891F}.Debug|x86.Build.0 = Debug|Any CPU
		{F5F21B74-CCD6-47FA-B769-148D4053891F}.Release|Any CPU.ActiveCfg = Release|Any CPU
		{F5F21B74-CCD6-47FA-B769-148D4053891F}.Release|Any CPU.Build.0 = Release|Any CPU
		{F5F21B74-CCD6-47FA-B769-148D4053891F}.Release|x64.ActiveCfg = Release|Any CPU
		{F5F21B74-CCD6-47FA-B769-148D4053891F}.Release|x64.Build.0 = Release|Any CPU
		{F5F21B74-CCD6-47FA-B769-148D4053891F}.Release|x86.ActiveCfg = Release|Any CPU
		{F5F21B74-CCD6-47FA-B769-148D4053891F}.Release|x86.Build.0 = Release|Any CPU
	EndGlobalSection
EndGlobal
